
Microsoft Visual Studio Solution File, Format Version 12.00
# Visual Studio Version 16
VisualStudioVersion = 16.0.30804.86
MinimumVisualStudioVersion = 10.0.40219.1
Project("{9A19103F-16F7-4668-BE54-9A1E7A4F7556}") = "KampIntro", "KampIntro\KampIntro.csproj", "{1210FB8E-C757-4DB0-BBBF-93970F3FDC6A}"
EndProject
Project("{9A19103F-16F7-4668-BE54-9A1E7A4F7556}") = "Metotlar", "Metotlar\Metotlar.csproj", "{F4239F49-B802-41B1-8B64-DDD2A333FFBD}"
EndProject
Project("{9A19103F-16F7-4668-BE54-9A1E7A4F7556}") = "Matematik", "Matematik\Matematik.csproj", "{AB3DE94A-743C-4961-B9D0-B4A21CAE2D56}"
EndProject
Project("{9A19103F-16F7-4668-BE54-9A1E7A4F7556}") = "DegerVeReferansTipler", "DegerVeReferansTipler\DegerVeReferansTipler.csproj", "{3C3E7A57-F9B2-4BDD-83CA-199BDD7510E5}"
EndProject
Project("{FAE04EC0-301F-11D3-BF4B-00C04F79EFBC}") = "OOP1", "OOP1\OOP1.csproj", "{859E8A8C-D6A2-4CC2-AC35-96588391100D}"
EndProject
Project("{FAE04EC0-301F-11D3-BF4B-00C04F79EFBC}") = "Koleksiyonlar", "Koleksiyonlar\Koleksiyonlar.csproj", "{6A96ECEC-11FC-4829-85D7-3F21F04F2B24}"
EndProject
Global
	GlobalSection(SolutionConfigurationPlatforms) = preSolution
		Debug|Any CPU = Debug|Any CPU
		Release|Any CPU = Release|Any CPU
	EndGlobalSection
	GlobalSection(ProjectConfigurationPlatforms) = postSolution
		{1210FB8E-C757-4DB0-BBBF-93970F3FDC6A}.Debug|Any CPU.ActiveCfg = Debug|Any CPU
		{1210FB8E-C757-4DB0-BBBF-93970F3FDC6A}.Debug|Any CPU.Build.0 = Debug|Any CPU
		{1210FB8E-C757-4DB0-BBBF-93970F3FDC6A}.Release|Any CPU.ActiveCfg = Release|Any CPU
		{1210FB8E-C757-4DB0-BBBF-93970F3FDC6A}.Release|Any CPU.Build.0 = Release|Any CPU
		{F4239F49-B802-41B1-8B64-DDD2A333FFBD}.Debug|Any CPU.ActiveCfg = Debug|Any CPU
		{F4239F49-B802-41B1-8B64-DDD2A333FFBD}.Debug|Any CPU.Build.0 = Debug|Any CPU
		{F4239F49-B802-41B1-8B64-DDD2A333FFBD}.Release|Any CPU.ActiveCfg = Release|Any CPU
		{F4239F49-B802-41B1-8B64-DDD2A333FFBD}.Release|Any CPU.Build.0 = Release|Any CPU
		{AB3DE94A-743C-4961-B9D0-B4A21CAE2D56}.Debug|Any CPU.ActiveCfg = Debug|Any CPU
		{AB3DE94A-743C-4961-B9D0-B4A21CAE2D56}.Debug|Any CPU.Build.0 = Debug|Any CPU
		{AB3DE94A-743C-4961-B9D0-B4A21CAE2D56}.Release|Any CPU.ActiveCfg = Release|Any CPU
		{AB3DE94A-743C-4961-B9D0-B4A21CAE2D56}.Release|Any CPU.Build.0 = Release|Any CPU
		{3C3E7A57-F9B2-4BDD-83CA-199BDD7510E5}.Debug|Any CPU.ActiveCfg = Debug|Any CPU
		{3C3E7A57-F9B2-4BDD-83CA-199BDD7510E5}.Debug|Any CPU.Build.0 = Debug|Any CPU
		{3C3E7A57-F9B2-4BDD-83CA-199BDD7510E5}.Release|Any CPU.ActiveCfg = Release|Any CPU
		{3C3E7A57-F9B2-4BDD-83CA-199BDD7510E5}.Release|Any CPU.Build.0 = Release|Any CPU
		{859E8A8C-D6A2-4CC2-AC35-96588391100D}.Debug|Any CPU.ActiveCfg = Debug|Any CPU
		{859E8A8C-D6A2-4CC2-AC35-96588391100D}.Debug|Any CPU.Build.0 = Debug|Any CPU
		{859E8A8C-D6A2-4CC2-AC35-96588391100D}.Release|Any CPU.ActiveCfg = Release|Any CPU
		{859E8A8C-D6A2-4CC2-AC35-96588391100D}.Release|Any CPU.Build.0 = Release|Any CPU
		{6A96ECEC-11FC-4829-85D7-3F21F04F2B24}.Debug|Any CPU.ActiveCfg = Debug|Any CPU
		{6A96ECEC-11FC-4829-85D7-3F21F04F2B24}.Debug|Any CPU.Build.0 = Debug|Any CPU
		{6A96ECEC-11FC-4829-85D7-3F21F04F2B24}.Release|Any CPU.ActiveCfg = Release|Any CPU
		{6A96ECEC-11FC-4829-85D7-3F21F04F2B24}.Release|Any CPU.Build.0 = Release|Any CPU
	EndGlobalSection
	GlobalSection(SolutionProperties) = preSolution
		HideSolutionNode = FALSE
	EndGlobalSection
	GlobalSection(ExtensibilityGlobals) = postSolution
		SolutionGuid = {BC74ECCF-CEF1-4C54-9D92-4AB154C7EECB}
	EndGlobalSection
EndGlobal
